
Microsoft Visual Studio Solution File, Format Version 12.00
# Visual Studio Version 17
VisualStudioVersion = 17.14.36310.24 d17.14
MinimumVisualStudioVersion = 10.0.40219.1
Project("{FAE04EC0-301F-11D3-BF4B-00C04F79EFBC}") = "WebApplicationReport", "WebApplicationReport.csproj", "{BAEFAC1B-ADC7-4FFD-B1A0-DF43CBBC24F5}"
EndProject
Global
	GlobalSection(SolutionConfigurationPlatforms) = preSolution
		Debug|Any CPU = Debug|Any CPU
		Release|Any CPU = Release|Any CPU
	EndGlobalSection
	GlobalSection(ProjectConfigurationPlatforms) = postSolution
		{BAEFAC1B-ADC7-4FFD-B1A0-DF43CBBC24F5}.Debug|Any CPU.ActiveCfg = Debug|Any CPU
		{BAEFAC1B-ADC7-4FFD-B1A0-DF43CBBC24F5}.Debug|Any CPU.Build.0 = Debug|Any CPU
		{BAEFAC1B-ADC7-4FFD-B1A0-DF43CBBC24F5}.Release|Any CPU.ActiveCfg = Release|Any CPU
		{BAEFAC1B-ADC7-4FFD-B1A0-DF43CBBC24F5}.Release|Any CPU.Build.0 = Release|Any CPU
	EndGlobalSection
	GlobalSection(SolutionProperties) = preSolution
		HideSolutionNode = FALSE
	EndGlobalSection
	GlobalSection(ExtensibilityGlobals) = postSolution
		SolutionGuid = {941CCC42-000D-40C6-BF44-CE5F89A14CDE}
	EndGlobalSection
EndGlobal
